
Microsoft Visual Studio Solution File, Format Version 12.00
# Visual Studio Version 17
VisualStudioVersion = 17.14.36301.6
MinimumVisualStudioVersion = 10.0.40219.1
Project("{FAE04EC0-301F-11D3-BF4B-00C04F79EFBC}") = "CropTrack", "croptrack\CropTrack.csproj", "{8B65DC1F-2369-4017-BD96-5C3DA3A035E8}"
EndProject
Project("{FAE04EC0-301F-11D3-BF4B-00C04F79EFBC}") = "CropTrackApp", "CropTrackApp\CropTrackApp.csproj", "{5AD97C51-DB7A-4408-8F88-3A84203ACA8E}"
EndProject
Global
	GlobalSection(SolutionConfigurationPlatforms) = preSolution
		Debug|Any CPU = Debug|Any CPU
		Release|Any CPU = Release|Any CPU
	EndGlobalSection
	GlobalSection(ProjectConfigurationPlatforms) = postSolution
		{8B65DC1F-2369-4017-BD96-5C3DA3A035E8}.Debug|Any CPU.ActiveCfg = Debug|Any CPU
		{8B65DC1F-2369-4017-BD96-5C3DA3A035E8}.Debug|Any CPU.Build.0 = Debug|Any CPU
		{8B65DC1F-2369-4017-BD96-5C3DA3A035E8}.Release|Any CPU.ActiveCfg = Release|Any CPU
		{8B65DC1F-2369-4017-BD96-5C3DA3A035E8}.Release|Any CPU.Build.0 = Release|Any CPU
		{5AD97C51-DB7A-4408-8F88-3A84203ACA8E}.Debug|Any CPU.ActiveCfg = Debug|Any CPU
		{5AD97C51-DB7A-4408-8F88-3A84203ACA8E}.Debug|Any CPU.Build.0 = Debug|Any CPU
		{5AD97C51-DB7A-4408-8F88-3A84203ACA8E}.Debug|Any CPU.Deploy.0 = Debug|Any CPU
		{5AD97C51-DB7A-4408-8F88-3A84203ACA8E}.Release|Any CPU.ActiveCfg = Release|Any CPU
		{5AD97C51-DB7A-4408-8F88-3A84203ACA8E}.Release|Any CPU.Build.0 = Release|Any CPU
		{5AD97C51-DB7A-4408-8F88-3A84203ACA8E}.Release|Any CPU.Deploy.0 = Release|Any CPU
	EndGlobalSection
	GlobalSection(SolutionProperties) = preSolution
		HideSolutionNode = FALSE
	EndGlobalSection
	GlobalSection(ExtensibilityGlobals) = postSolution
		SolutionGuid = {257DD518-E36C-468D-9424-C1A954D8DF1B}
	EndGlobalSection
EndGlobal
